
Microsoft Visual Studio Solution File, Format Version 12.00
# Visual Studio Version 16
VisualStudioVersion = 16.0.31911.196
MinimumVisualStudioVersion = 10.0.40219.1
Project("{FAE04EC0-301F-11D3-BF4B-00C04F79EFBC}") = "ABC", "ABC\ABC.csproj", "{C8E146A4-7A4A-440A-A58E-4B19977DB319}"
EndProject
Global
	GlobalSection(SolutionConfigurationPlatforms) = preSolution
		Debug|Any CPU = Debug|Any CPU
		Release|Any CPU = Release|Any CPU
	EndGlobalSection
	GlobalSection(ProjectConfigurationPlatforms) = postSolution
		{C8E146A4-7A4A-440A-A58E-4B19977DB319}.Debug|Any CPU.ActiveCfg = Debug|Any CPU
		{C8E146A4-7A4A-440A-A58E-4B19977DB319}.Debug|Any CPU.Build.0 = Debug|Any CPU
		{C8E146A4-7A4A-440A-A58E-4B19977DB319}.Release|Any CPU.ActiveCfg = Release|Any CPU
		{C8E146A4-7A4A-440A-A58E-4B19977DB319}.Release|Any CPU.Build.0 = Release|Any CPU
	EndGlobalSection
	GlobalSection(SolutionProperties) = preSolution
		HideSolutionNode = FALSE
	EndGlobalSection
	GlobalSection(ExtensibilityGlobals) = postSolution
		SolutionGuid = {0BDC8D75-4510-4426-A971-F290FCFC1983}
	EndGlobalSection
EndGlobal
